
Microsoft Visual Studio Solution File, Format Version 12.00
# Visual Studio Version 17
VisualStudioVersion = 17.9.34728.123
MinimumVisualStudioVersion = 10.0.40219.1
Project("{FAE04EC0-301F-11D3-BF4B-00C04F79EFBC}") = "ApiChallengeCSharp", "ApiChallengeCSharp\ApiChallengeCSharp.csproj", "{79E7DA33-82F4-40D6-A367-652DF06FF455}"
EndProject
Global
	GlobalSection(SolutionConfigurationPlatforms) = preSolution
		Debug|Any CPU = Debug|Any CPU
		Release|Any CPU = Release|Any CPU
	EndGlobalSection
	GlobalSection(ProjectConfigurationPlatforms) = postSolution
		{79E7DA33-82F4-40D6-A367-652DF06FF455}.Debug|Any CPU.ActiveCfg = Debug|Any CPU
		{79E7DA33-82F4-40D6-A367-652DF06FF455}.Debug|Any CPU.Build.0 = Debug|Any CPU
		{79E7DA33-82F4-40D6-A367-652DF06FF455}.Release|Any CPU.ActiveCfg = Release|Any CPU
		{79E7DA33-82F4-40D6-A367-652DF06FF455}.Release|Any CPU.Build.0 = Release|Any CPU
	EndGlobalSection
	GlobalSection(SolutionProperties) = preSolution
		HideSolutionNode = FALSE
	EndGlobalSection
	GlobalSection(ExtensibilityGlobals) = postSolution
		SolutionGuid = {63220C64-3348-4043-8E04-A555A0605D02}
	EndGlobalSection
EndGlobal
